Microsoft Visual Studio Solution File, Format Version 12.00
# Visual Studio Version 16
VisualStudioVersion = 16.0.31205.134
MinimumVisualStudioVersion = 10.0.40219.1
Project("{9A19103F-16F7-4668-BE54-9A1E7A4F7556}") = "Crypto.Display", "Crypto\Crypto.Display.csproj", "{5B7AA0B3-B262-44D6-B409-A9162D0AFA6D}"
EndProject
Project("{9A19103F-16F7-4668-BE54-9A1E7A4F7556}") = "Crypto.Core", "Crypto.Core\Crypto.Core.csproj", "{DE71799D-BA35-4145-83D9-80879914F4CD}"
EndProject
Global
	GlobalSection(SolutionConfigurationPlatforms) = preSolution
		Debug|Any CPU = Debug|Any CPU
		Release|Any CPU = Release|Any CPU
	EndGlobalSection
	GlobalSection(ProjectConfigurationPlatforms) = postSolution
		{5B7AA0B3-B262-44D6-B409-A9162D0AFA6D}.Debug|Any CPU.ActiveCfg = Debug|Any CPU
		{5B7AA0B3-B262-44D6-B409-A9162D0AFA6D}.Debug|Any CPU.Build.0 = Debug|Any CPU
		{5B7AA0B3-B262-44D6-B409-A9162D0AFA6D}.Release|Any CPU.ActiveCfg = Release|Any CPU
		{5B7AA0B3-B262-44D6-B409-A9162D0AFA6D}.Release|Any CPU.Build.0 = Release|Any CPU
		{DE71799D-BA35-4145-83D9-80879914F4CD}.Debug|Any CPU.ActiveCfg = Debug|Any CPU
		{DE71799D-BA35-4145-83D9-80879914F4CD}.Debug|Any CPU.Build.0 = Debug|Any CPU
		{DE71799D-BA35-4145-83D9-80879914F4CD}.Release|Any CPU.ActiveCfg = Release|Any CPU
		{DE71799D-BA35-4145-83D9-80879914F4CD}.Release|Any CPU.Build.0 = Release|Any CPU
	EndGlobalSection
	GlobalSection(SolutionProperties) = preSolution
		HideSolutionNode = FALSE
	EndGlobalSection
	GlobalSection(ExtensibilityGlobals) = postSolution
		SolutionGuid = {BF2C3D0C-DB8E-47A9-B3A7-298A7037E1EF}
	EndGlobalSection
EndGlobal
